<?xml version="1.0" encoding="utf-8"?>
<Project ToolsVersion="4.0" xmlns="http://schemas.microsoft.com/developer/msbuild/2003">
  <ItemGroup>
    <Filter Include="General">
      <UniqueIdentifier>{4FC737F1-C7A5-4376-A066-2A32D752A2FF}</UniqueIdentifier>
      <Extensions>cpp;c;cc;cxx;def;odl;idl;hpj;bat;asm;asmx</Extensions>
    </Filter>
    <Filter Include="Binaries">
      <UniqueIdentifier>{838f2b06-2877-4d77-90b7-0539e03476ef}</UniqueIdentifier>
    </Filter>
    <Filter Include="General\Docs">
      <UniqueIdentifier>{0734b9f1-7e56-4c94-8a8d-fed7854a420f}</UniqueIdentifier>
    </Filter>
    <Filter Include="Data">
      <UniqueIdentifier>{fd507594-0ce2-4418-9944-368f6856212c}</UniqueIdentifier>
    </Filter>
  </ItemGroup>
  <ItemGroup>
    <ClCompile Include="main_Win32.cpp">
      <Filter>General</Filter>
    </ClCompile>
    <ClCompile Include="App.cpp">
      <Filter>General</Filter>
    </ClCompile>
    <ClCompile Include="Game.cpp">
      <Filter>General</Filter>
    </ClCompile>
    <ClCompile Include="GameCommon.cpp">
      <Filter>General</Filter>
    </ClCompile>
    <ClCompile Include="Entity.cpp">
      <Filter>General</Filter>
    </ClCompile>
    <ClCompile Include="VertexDx.cpp">
      <Filter>General</Filter>
    </ClCompile>
  </ItemGroup>
  <ItemGroup>
    <ClInclude Include="App.hpp">
      <Filter>General</Filter>
    </ClInclude>
    <ClInclude Include="Game.hpp">
      <Filter>General</Filter>
    </ClInclude>
    <ClInclude Include="GameCommon.hpp">
      <Filter>General</Filter>
    </ClInclude>
    <ClInclude Include="Entity.hpp">
      <Filter>General</Filter>
    </ClInclude>
    <ClInclude Include="ConfigSettings.hpp">
      <Filter>General</Filter>
    </ClInclude>
  </ItemGroup>
  <ItemGroup>
    <Text Include="..\..\Readme.txt">
      <Filter>General\Docs</Filter>
    </Text>
  </ItemGroup>
  <ItemGroup>
    <None Include="..\..\Run_Win32\config\startup.config">
      <Filter>Data</Filter>
    </None>
  </ItemGroup>
  <ItemGroup>
    <FxCompile Include="..\..\Run_Win32\hlsl\bumpMapGreen.hlsl">
      <Filter>Data</Filter>
    </FxCompile>
    <FxCompile Include="..\..\Run_Win32\hlsl\centeredHalfSize.hlsl">
      <Filter>Data</Filter>
    </FxCompile>
    <FxCompile Include="..\..\Run_Win32\hlsl\colorStep4.hlsl">
      <Filter>Data</Filter>
    </FxCompile>
    <FxCompile Include="..\..\Run_Win32\hlsl\desaturateInverseLuma.hlsl">
      <Filter>Data</Filter>
    </FxCompile>
    <FxCompile Include="..\..\Run_Win32\hlsl\desaturateLuma.hlsl">
      <Filter>Data</Filter>
    </FxCompile>
    <FxCompile Include="..\..\Run_Win32\hlsl\mirror.hlsl">
      <Filter>Data</Filter>
    </FxCompile>
    <FxCompile Include="..\..\Run_Win32\hlsl\nop_color.hlsl">
      <Filter>Data</Filter>
    </FxCompile>
    <FxCompile Include="..\..\Run_Win32\hlsl\nop_textured.hlsl">
      <Filter>Data</Filter>
    </FxCompile>
    <FxCompile Include="..\..\Run_Win32\hlsl\nop_textured_2.hlsl">
      <Filter>Data</Filter>
    </FxCompile>
    <FxCompile Include="..\..\Run_Win32\hlsl\perlin.hlsl">
      <Filter>Data</Filter>
    </FxCompile>
    <FxCompile Include="..\..\Run_Win32\hlsl\rotate45Degrees.hlsl">
      <Filter>Data</Filter>
    </FxCompile>
    <FxCompile Include="..\..\Run_Win32\hlsl\sepia.hlsl">
      <Filter>Data</Filter>
    </FxCompile>
    <FxCompile Include="..\..\Run_Win32\hlsl\tile5.hlsl">
      <Filter>Data</Filter>
    </FxCompile>
    <FxCompile Include="..\..\Run_Win32\hlsl\tile20.hlsl">
      <Filter>Data</Filter>
    </FxCompile>
    <FxCompile Include="..\..\Run_Win32\hlsl\wave.hlsl">
      <Filter>Data</Filter>
    </FxCompile>
    <FxCompile Include="..\..\Run_Win32\hlsl\waveTile.hlsl">
      <Filter>Data</Filter>
    </FxCompile>
  </ItemGroup>
  <ItemGroup>
    <Image Include="..\..\Run_Win32\image\fenwayPark.jpg">
      <Filter>Data</Filter>
    </Image>
    <Image Include="..\..\Run_Win32\image\heightMap.jpg">
      <Filter>Data</Filter>
    </Image>
    <Image Include="..\..\Run_Win32\image\heightMapFromWeb.jpg">
      <Filter>Data</Filter>
    </Image>
    <Image Include="..\..\Run_Win32\image\mountains.jpg">
      <Filter>Data</Filter>
    </Image>
  </ItemGroup>
</Project>